// !$*UTF8*$!
{
	archiveVersion = 1;
	classes = {
	};
	objectVersion = 46;
	objects = {

/* Begin PBXBuildFile section */
		5DC2BCDA18A4A42C00AE8C72 /* Foundation.framework in Frameworks */ = {isa = PBXBuildFile; fileRef = 5DC2BCD918A4A42C00AE8C72 /* Foundation.framework */; };
		5DC2BCDC18A4A42C00AE8C72 /* CoreGraphics.framework in Frameworks */ = {isa = PBXBuildFile; fileRef = 5DC2BCDB18A4A42C00AE8C72 /* CoreGraphics.framework */; };
		5DC2BCDE18A4A42C00AE8C72 /* UIKit.framework in Frameworks */ = {isa = PBXBuildFile; fileRef = 5DC2BCDD18A4A42C00AE8C72 /* UIKit.framework */; };
		5DC2BCE418A4A42C00AE8C72 /* InfoPlist.strings in Resources */ = {isa = PBXBuildFile; fileRef = 5DC2BCE218A4A42C00AE8C72 /* InfoPlist.strings */; };
		5DC2BCE618A4A42C00AE8C72 /* main.m in Sources */ = {isa = PBXBuildFile; fileRef = 5DC2BCE518A4A42C00AE8C72 /* main.m */; };
		5DC2BCEA18A4A42C00AE8C72 /* FacebookAppDelegate.m in Sources */ = {isa = PBXBuildFile; fileRef = 5DC2BCE918A4A42C00AE8C72 /* FacebookAppDelegate.m */; };
		5DC2BCEC18A4A42C00AE8C72 /* Images.xcassets in Resources */ = {isa = PBXBuildFile; fileRef = 5DC2BCEB18A4A42C00AE8C72 /* Images.xcassets */; };
		5DC2BCF318A4A42C00AE8C72 /* XCTest.framework in Frameworks */ = {isa = PBXBuildFile; fileRef = 5DC2BCF218A4A42C00AE8C72 /* XCTest.framework */; };
		5DC2BCF418A4A42C00AE8C72 /* Foundation.framework in Frameworks */ = {isa = PBXBuildFile; fileRef = 5DC2BCD918A4A42C00AE8C72 /* Foundation.framework */; };
		5DC2BCF518A4A42C00AE8C72 /* UIKit.framework in Frameworks */ = {isa = PBXBuildFile; fileRef = 5DC2BCDD18A4A42C00AE8C72 /* UIKit.framework */; };
		5DC2BCFD18A4A42C00AE8C72 /* InfoPlist.strings in Resources */ = {isa = PBXBuildFile; fileRef = 5DC2BCFB18A4A42C00AE8C72 /* InfoPlist.strings */; };
		5DC2BCFF18A4A42C00AE8C72 /* FacebookLibraryTests.m in Sources */ = {isa = PBXBuildFile; fileRef = 5DC2BCFE18A4A42C00AE8C72 /* FacebookLibraryTests.m */; };
		5DC2BD0A18A4A45900AE8C72 /* OBLLogin.m in Sources */ = {isa = PBXBuildFile; fileRef = 5DC2BD0918A4A45900AE8C72 /* OBLLogin.m */; };
		5DC2BD0D18A4C78100AE8C72 /* FacebookLogin.m in Sources */ = {isa = PBXBuildFile; fileRef = 5DC2BD0C18A4C78100AE8C72 /* FacebookLogin.m */; };
		5DC2BD0F18A4E5FA00AE8C72 /* FacebookSDK.framework in Frameworks */ = {isa = PBXBuildFile; fileRef = 5DC2BD0E18A4E5FA00AE8C72 /* FacebookSDK.framework */; };
		5DC2BD1118A4F0D200AE8C72 /* Storyboard.storyboard in Resources */ = {isa = PBXBuildFile; fileRef = 5DC2BD1018A4F0D200AE8C72 /* Storyboard.storyboard */; };
		5DC2BD1418A4F11C00AE8C72 /* FacebookViewController.m in Sources */ = {isa = PBXBuildFile; fileRef = 5DC2BD1318A4F11C00AE8C72 /* FacebookViewController.m */; };
/* End PBXBuildFile section */

/* Begin PBXContainerItemProxy section */
		5DC2BCF618A4A42C00AE8C72 /* PBXContainerItemProxy */ = {
			isa = PBXContainerItemProxy;
			containerPortal = 5DC2BCCE18A4A42C00AE8C72 /* Project object */;
			proxyType = 1;
			remoteGlobalIDString = 5DC2BCD518A4A42C00AE8C72;
			remoteInfo = FacebookLibrary;
		};
/* End PBXContainerItemProxy section */

/* Begin PBXFileReference section */
		5DC2BCD618A4A42C00AE8C72 /* FacebookLibrary.app */ = {isa = PBXFileReference; explicitFileType = wrapper.application; includeInIndex = 0; path = FacebookLibrary.app; sourceTree = BUILT_PRODUCTS_DIR; };
		5DC2BCD918A4A42C00AE8C72 /* Foundation.framework */ = {isa = PBXFileReference; lastKnownFileType = wrapper.framework; name = Foundation.framework; path = System/Library/Frameworks/Foundation.framework; sourceTree = SDKROOT; };
		5DC2BCDB18A4A42C00AE8C72 /* CoreGraphics.framework */ = {isa = PBXFileReference; lastKnownFileType = wrapper.framework; name = CoreGraphics.framework; path = System/Library/Frameworks/CoreGraphics.framework; sourceTree = SDKROOT; };
		5DC2BCDD18A4A42C00AE8C72 /* UIKit.framework */ = {isa = PBXFileReference; lastKnownFileType = wrapper.framework; name = UIKit.framework; path = System/Library/Frameworks/UIKit.framework; sourceTree = SDKROOT; };
		5DC2BCE118A4A42C00AE8C72 /* FacebookLibrary-Info.plist */ = {isa = PBXFileReference; lastKnownFileType = text.plist.xml; path = "FacebookLibrary-Info.plist"; sourceTree = "<group>"; };
		5DC2BCE318A4A42C00AE8C72 /* en */ = {isa = PBXFileReference; lastKnownFileType = text.plist.strings; name = en; path = en.lproj/InfoPlist.strings; sourceTree = "<group>"; };
		5DC2BCE518A4A42C00AE8C72 /* main.m */ = {isa = PBXFileReference; lastKnownFileType = sourcecode.c.objc; path = main.m; sourceTree = "<group>"; };
		5DC2BCE718A4A42C00AE8C72 /* FacebookLibrary-Prefix.pch */ = {isa = PBXFileReference; lastKnownFileType = sourcecode.c.h; path = "FacebookLibrary-Prefix.pch"; sourceTree = "<group>"; };
		5DC2BCE818A4A42C00AE8C72 /* FacebookAppDelegate.h */ = {isa = PBXFileReference; lastKnownFileType = sourcecode.c.h; path = FacebookAppDelegate.h; sourceTree = "<group>"; };
		5DC2BCE918A4A42C00AE8C72 /* FacebookAppDelegate.m */ = {isa = PBXFileReference; lastKnownFileType = sourcecode.c.objc; path = FacebookAppDelegate.m; sourceTree = "<group>"; };
		5DC2BCEB18A4A42C00AE8C72 /* Images.xcassets */ = {isa = PBXFileReference; lastKnownFileType = folder.assetcatalog; path = Images.xcassets; sourceTree = "<group>"; };
		5DC2BCF118A4A42C00AE8C72 /* FacebookLibraryTests.xctest */ = {isa = PBXFileReference; explicitFileType = wrapper.cfbundle; includeInIndex = 0; path = FacebookLibraryTests.xctest; sourceTree = BUILT_PRODUCTS_DIR; };
		5DC2BCF218A4A42C00AE8C72 /* XCTest.framework */ = {isa = PBXFileReference; lastKnownFileType = wrapper.framework; name = XCTest.framework; path = Library/Frameworks/XCTest.framework; sourceTree = DEVELOPER_DIR; };
		5DC2BCFA18A4A42C00AE8C72 /* FacebookLibraryTests-Info.plist */ = {isa = PBXFileReference; lastKnownFileType = text.plist.xml; path = "FacebookLibraryTests-Info.plist"; sourceTree = "<group>"; };
		5DC2BCFC18A4A42C00AE8C72 /* en */ = {isa = PBXFileReference; lastKnownFileType = text.plist.strings; name = en; path = en.lproj/InfoPlist.strings; sourceTree = "<group>"; };
		5DC2BCFE18A4A42C00AE8C72 /* FacebookLibraryTests.m */ = {isa = PBXFileReference; lastKnownFileType = sourcecode.c.objc; path = FacebookLibraryTests.m; sourceTree = "<group>"; };
		5DC2BD0818A4A45900AE8C72 /* OBLLogin.h */ = {isa = PBXFileReference; fileEncoding = 4; lastKnownFileType = sourcecode.c.h; path = OBLLogin.h; sourceTree = "<group>"; };
		5DC2BD0918A4A45900AE8C72 /* OBLLogin.m */ = {isa = PBXFileReference; fileEncoding = 4; lastKnownFileType = sourcecode.c.objc; path = OBLLogin.m; sourceTree = "<group>"; };
		5DC2BD0B18A4C78100AE8C72 /* FacebookLogin.h */ = {isa = PBXFileReference; fileEncoding = 4; lastKnownFileType = sourcecode.c.h; path = FacebookLogin.h; sourceTree = "<group>"; };
		5DC2BD0C18A4C78100AE8C72 /* FacebookLogin.m */ = {isa = PBXFileReference; fileEncoding = 4; lastKnownFileType = sourcecode.c.objc; path = FacebookLogin.m; sourceTree = "<group>"; };
		5DC2BD0E18A4E5FA00AE8C72 /* FacebookSDK.framework */ = {isa = PBXFileReference; lastKnownFileType = wrapper.framework; path = FacebookSDK.framework; sourceTree = "<group>"; };
		5DC2BD1018A4F0D200AE8C72 /* Storyboard.storyboard */ = {isa = PBXFileReference; fileEncoding = 4; lastKnownFileType = file.storyboard; path = Storyboard.storyboard; sourceTree = "<group>"; };
		5DC2BD1218A4F11C00AE8C72 /* FacebookViewController.h */ = {isa = PBXFileReference; fileEncoding = 4; lastKnownFileType = sourcecode.c.h; path = FacebookViewController.h; sourceTree = "<group>"; };
		5DC2BD1318A4F11C00AE8C72 /* FacebookViewController.m */ = {isa = PBXFileReference; fileEncoding = 4; lastKnownFileType = sourcecode.c.objc; path = FacebookViewController.m; sourceTree = "<group>"; };
/* End PBXFileReference section */

/* Begin PBXFrameworksBuildPhase section */
		5DC2BCD318A4A42C00AE8C72 /* Frameworks */ = {
			isa = PBXFrameworksBuildPhase;
			buildActionMask = 2147483647;
			files = (
				5DC2BCDC18A4A42C00AE8C72 /* CoreGraphics.framework in Frameworks */,
				5DC2BD0F18A4E5FA00AE8C72 /* FacebookSDK.framework in Frameworks */,
				5DC2BCDE18A4A42C00AE8C72 /* UIKit.framework in Frameworks */,
				5DC2BCDA18A4A42C00AE8C72 /* Foundation.framework in Frameworks */,
			);
			runOnlyForDeploymentPostprocessing = 0;
		};
		5DC2BCEE18A4A42C00AE8C72 /* Frameworks */ = {
			isa = PBXFrameworksBuildPhase;
			buildActionMask = 2147483647;
			files = (
				5DC2BCF318A4A42C00AE8C72 /* XCTest.framework in Frameworks */,
				5DC2BCF518A4A42C00AE8C72 /* UIKit.framework in Frameworks */,
				5DC2BCF418A4A42C00AE8C72 /* Foundation.framework in Frameworks */,
			);
			runOnlyForDeploymentPostprocessing = 0;
		};
/* End PBXFrameworksBuildPhase section */

/* Begin PBXGroup section */
		5DC2BCCD18A4A42C00AE8C72 = {
			isa = PBXGroup;
			children = (
				5DC2BCDF18A4A42C00AE8C72 /* FacebookLibrary */,
				5DC2BCF818A4A42C00AE8C72 /* FacebookLibraryTests */,
				5DC2BCD818A4A42C00AE8C72 /* Frameworks */,
				5DC2BCD718A4A42C00AE8C72 /* Products */,
			);
			sourceTree = "<group>";
		};
		5DC2BCD718A4A42C00AE8C72 /* Products */ = {
			isa = PBXGroup;
			children = (
				5DC2BCD618A4A42C00AE8C72 /* FacebookLibrary.app */,
				5DC2BCF118A4A42C00AE8C72 /* FacebookLibraryTests.xctest */,
			);
			name = Products;
			sourceTree = "<group>";
		};
		5DC2BCD818A4A42C00AE8C72 /* Frameworks */ = {
			isa = PBXGroup;
			children = (
				5DC2BD0E18A4E5FA00AE8C72 /* FacebookSDK.framework */,
				5DC2BCD918A4A42C00AE8C72 /* Foundation.framework */,
				5DC2BCDB18A4A42C00AE8C72 /* CoreGraphics.framework */,
				5DC2BCDD18A4A42C00AE8C72 /* UIKit.framework */,
				5DC2BCF218A4A42C00AE8C72 /* XCTest.framework */,
			);
			name = Frameworks;
			sourceTree = "<group>";
		};
		5DC2BCDF18A4A42C00AE8C72 /* FacebookLibrary */ = {
			isa = PBXGroup;
			children = (
				5DC2BCE818A4A42C00AE8C72 /* FacebookAppDelegate.h */,
				5DC2BCE918A4A42C00AE8C72 /* FacebookAppDelegate.m */,
				5DC2BD1018A4F0D200AE8C72 /* Storyboard.storyboard */,
				5DC2BD1218A4F11C00AE8C72 /* FacebookViewController.h */,
				5DC2BD1318A4F11C00AE8C72 /* FacebookViewController.m */,
				5DC2BCEB18A4A42C00AE8C72 /* Images.xcassets */,
				5DC2BCE018A4A42C00AE8C72 /* Supporting Files */,
				5DC2BD0818A4A45900AE8C72 /* OBLLogin.h */,
				5DC2BD0918A4A45900AE8C72 /* OBLLogin.m */,
				5DC2BD0B18A4C78100AE8C72 /* FacebookLogin.h */,
				5DC2BD0C18A4C78100AE8C72 /* FacebookLogin.m */,
			);
			path = FacebookLibrary;
			sourceTree = "<group>";
		};
		5DC2BCE018A4A42C00AE8C72 /* Supporting Files */ = {
			isa = PBXGroup;
			children = (
				5DC2BCE118A4A42C00AE8C72 /* FacebookLibrary-Info.plist */,
				5DC2BCE218A4A42C00AE8C72 /* InfoPlist.strings */,
				5DC2BCE518A4A42C00AE8C72 /* main.m */,
				5DC2BCE718A4A42C00AE8C72 /* FacebookLibrary-Prefix.pch */,
			);
			name = "Supporting Files";
			sourceTree = "<group>";
		};
		5DC2BCF818A4A42C00AE8C72 /* FacebookLibraryTests */ = {
			isa = PBXGroup;
			children = (
				5DC2BCFE18A4A42C00AE8C72 /* FacebookLibraryTests.m */,
				5DC2BCF918A4A42C00AE8C72 /* Supporting Files */,
			);
			path = FacebookLibraryTests;
			sourceTree = "<group>";
		};
		5DC2BCF918A4A42C00AE8C72 /* Supporting Files */ = {
			isa = PBXGroup;
			children = (
				5DC2BCFA18A4A42C00AE8C72 /* FacebookLibraryTests-Info.plist */,
				5DC2BCFB18A4A42C00AE8C72 /* InfoPlist.strings */,
			);
			name = "Supporting Files";
			sourceTree = "<group>";
		};
/* End PBXGroup section */

/* Begin PBXNativeTarget section */
		5DC2BCD518A4A42C00AE8C72 /* FacebookLibrary */ = {
			isa = PBXNativeTarget;
			buildConfigurationList = 5DC2BD0218A4A42C00AE8C72 /* Build configuration list for PBXNativeTarget "FacebookLibrary" */;
			buildPhases = (
				5DC2BCD218A4A42C00AE8C72 /* Sources */,
				5DC2BCD318A4A42C00AE8C72 /* Frameworks */,
				5DC2BCD418A4A42C00AE8C72 /* Resources */,
			);
			buildRules = (
			);
			dependencies = (
			);
			name = FacebookLibrary;
			productName = FacebookLibrary;
			productReference = 5DC2BCD618A4A42C00AE8C72 /* FacebookLibrary.app */;
			productType = "com.apple.product-type.application";
		};
		5DC2BCF018A4A42C00AE8C72 /* FacebookLibraryTests */ = {
			isa = PBXNativeTarget;
			buildConfigurationList = 5DC2BD0518A4A42C00AE8C72 /* Build configuration list for PBXNativeTarget "FacebookLibraryTests" */;
			buildPhases = (
				5DC2BCED18A4A42C00AE8C72 /* Sources */,
				5DC2BCEE18A4A42C00AE8C72 /* Frameworks */,
				5DC2BCEF18A4A42C00AE8C72 /* Resources */,
			);
			buildRules = (
			);
			dependencies = (
				5DC2BCF718A4A42C00AE8C72 /* PBXTargetDependency */,
			);
			name = FacebookLibraryTests;
			productName = FacebookLibraryTests;
			productReference = 5DC2BCF118A4A42C00AE8C72 /* FacebookLibraryTests.xctest */;
			productType = "com.apple.product-type.bundle.unit-test";
		};
/* End PBXNativeTarget section */

/* Begin PBXProject section */
		5DC2BCCE18A4A42C00AE8C72 /* Project object */ = {
			isa = PBXProject;
			attributes = {
				CLASSPREFIX = Facebook;
				LastUpgradeCheck = 0500;
				ORGANIZATIONNAME = "Pushparaj Zala";
				TargetAttributes = {
					5DC2BCF018A4A42C00AE8C72 = {
						TestTargetID = 5DC2BCD518A4A42C00AE8C72;
					};
				};
			};
			buildConfigurationList = 5DC2BCD118A4A42C00AE8C72 /* Build configuration list for PBXProject "FacebookLibrary" */;
			compatibilityVersion = "Xcode 3.2";
			developmentRegion = English;
			hasScannedForEncodings = 0;
			knownRegions = (
				en,
			);
			mainGroup = 5DC2BCCD18A4A42C00AE8C72;
			productRefGroup = 5DC2BCD718A4A42C00AE8C72 /* Products */;
			projectDirPath = "";
			projectRoot = "";
			targets = (
				5DC2BCD518A4A42C00AE8C72 /* FacebookLibrary */,
				5DC2BCF018A4A42C00AE8C72 /* FacebookLibraryTests */,
			);
		};
/* End PBXProject section */

/* Begin PBXResourcesBuildPhase section */
		5DC2BCD418A4A42C00AE8C72 /* Resources */ = {
			isa = PBXResourcesBuildPhase;
			buildActionMask = 2147483647;
			files = (
				5DC2BCE418A4A42C00AE8C72 /* InfoPlist.strings in Resources */,
				5DC2BCEC18A4A42C00AE8C72 /* Images.xcassets in Resources */,
				5DC2BD1118A4F0D200AE8C72 /* Storyboard.storyboard in Resources */,
			);
			runOnlyForDeploymentPostprocessing = 0;
		};
		5DC2BCEF18A4A42C00AE8C72 /* Resources */ = {
			isa = PBXResourcesBuildPhase;
			buildActionMask = 2147483647;
			files = (
				5DC2BCFD18A4A42C00AE8C72 /* InfoPlist.strings in Resources */,
			);
			runOnlyForDeploymentPostprocessing = 0;
		};
/* End PBXResourcesBuildPhase section */

/* Begin PBXSourcesBuildPhase section */
		5DC2BCD218A4A42C00AE8C72 /* Sources */ = {
			isa = PBXSourcesBuildPhase;
			buildActionMask = 2147483647;
			files = (
				5DC2BD0A18A4A45900AE8C72 /* OBLLogin.m in Sources */,
				5DC2BD0D18A4C78100AE8C72 /* FacebookLogin.m in Sources */,
				5DC2BCEA18A4A42C00AE8C72 /* FacebookAppDelegate.m in Sources */,
				5DC2BD1418A4F11C00AE8C72 /* FacebookViewController.m in Sources */,
				5DC2BCE618A4A42C00AE8C72 /* main.m in Sources */,
			);
			runOnlyForDeploymentPostprocessing = 0;
		};
		5DC2BCED18A4A42C00AE8C72 /* Sources */ = {
			isa = PBXSourcesBuildPhase;
			buildActionMask = 2147483647;
			files = (
				5DC2BCFF18A4A42C00AE8C72 /* FacebookLibraryTests.m in Sources */,
			);
			runOnlyForDeploymentPostprocessing = 0;
		};
/* End PBXSourcesBuildPhase section */

/* Begin PBXTargetDependency section */
		5DC2BCF718A4A42C00AE8C72 /* PBXTargetDependency */ = {
			isa = PBXTargetDependency;
			target = 5DC2BCD518A4A42C00AE8C72 /* FacebookLibrary */;
			targetProxy = 5DC2BCF618A4A42C00AE8C72 /* PBXContainerItemProxy */;
		};
/* End PBXTargetDependency section */

/* Begin PBXVariantGroup section */
		5DC2BCE218A4A42C00AE8C72 /* InfoPlist.strings */ = {
			isa = PBXVariantGroup;
			children = (
				5DC2BCE318A4A42C00AE8C72 /* en */,
			);
			name = InfoPlist.strings;
			sourceTree = "<group>";
		};
		5DC2BCFB18A4A42C00AE8C72 /* InfoPlist.strings */ = {
			isa = PBXVariantGroup;
			children = (
				5DC2BCFC18A4A42C00AE8C72 /* en */,
			);
			name = InfoPlist.strings;
			sourceTree = "<group>";
		};
/* End PBXVariantGroup section */

/* Begin XCBuildConfiguration section */
		5DC2BD0018A4A42C00AE8C72 /* Debug */ = {
			isa = XCBuildConfiguration;
			buildSettings = {
				ALWAYS_SEARCH_USER_PATHS = NO;
				ARCHS = "$(ARCHS_STANDARD_INCLUDING_64_BIT)";
				CLANG_CXX_LANGUAGE_STANDARD = "gnu++0x";
				CLANG_CXX_LIBRARY = "libc++";
				CLANG_ENABLE_MODULES = YES;
				CLANG_ENABLE_OBJC_ARC = YES;
				CLANG_WARN_BOOL_CONVERSION = YES;
				CLANG_WARN_CONSTANT_CONVERSION = YES;
				CLANG_WARN_DIRECT_OBJC_ISA_USAGE = YES_ERROR;
				CLANG_WARN_EMPTY_BODY = YES;
				CLANG_WARN_ENUM_CONVERSION = YES;
				CLANG_WARN_INT_CONVERSION = YES;
				CLANG_WARN_OBJC_ROOT_CLASS = YES_ERROR;
				CLANG_WARN__DUPLICATE_METHOD_MATCH = YES;
				"CODE_SIGN_IDENTITY[sdk=iphoneos*]" = "iPhone Developer";
				COPY_PHASE_STRIP = NO;
				GCC_C_LANGUAGE_STANDARD = gnu99;
				GCC_DYNAMIC_NO_PIC = NO;
				GCC_OPTIMIZATION_LEVEL = 0;
				GCC_PREPROCESSOR_DEFINITIONS = (
					"DEBUG=1",
					"$(inherited)",
				);
				GCC_SYMBOLS_PRIVATE_EXTERN = NO;
				GCC_WARN_64_TO_32_BIT_CONVERSION = YES;
				GCC_WARN_ABOUT_RETURN_TYPE = YES_ERROR;
				GCC_WARN_UNDECLARED_SELECTOR = YES;
				GCC_WARN_UNINITIALIZED_AUTOS = YES;
				GCC_WARN_UNUSED_FUNCTION = YES;
				GCC_WARN_UNUSED_VARIABLE = YES;
				IPHONEOS_DEPLOYMENT_TARGET = 7.0;
				ONLY_ACTIVE_ARCH = YES;
				SDKROOT = iphoneos;
				TARGETED_DEVICE_FAMILY = "1,2";
			};
			name = Debug;
		};
		5DC2BD0118A4A42C00AE8C72 /* Release */ = {
			isa = XCBuildConfiguration;
			buildSettings = {
				ALWAYS_SEARCH_USER_PATHS = NO;
				ARCHS = "$(ARCHS_STANDARD_INCLUDING_64_BIT)";
				CLANG_CXX_LANGUAGE_STANDARD = "gnu++0x";
				CLANG_CXX_LIBRARY = "libc++";
				CLANG_ENABLE_MODULES = YES;
				CLANG_ENABLE_OBJC_ARC = YES;
				CLANG_WARN_BOOL_CONVERSION = YES;
				CLANG_WARN_CONSTANT_CONVERSION = YES;
				CLANG_WARN_DIRECT_OBJC_ISA_USAGE = YES_ERROR;
				CLANG_WARN_EMPTY_BODY = YES;
				CLANG_WARN_ENUM_CONVERSION = YES;
				CLANG_WARN_INT_CONVERSION = YES;
				CLANG_WARN_OBJC_ROOT_CLASS = YES_ERROR;
				CLANG_WARN__DUPLICATE_METHOD_MATCH = YES;
				"CODE_SIGN_IDENTITY[sdk=iphoneos*]" = "iPhone Developer";
				COPY_PHASE_STRIP = YES;
				ENABLE_NS_ASSERTIONS = NO;
				GCC_C_LANGUAGE_STANDARD = gnu99;
				GCC_WARN_64_TO_32_BIT_CONVERSION = YES;
				GCC_WARN_ABOUT_RETURN_TYPE = YES_ERROR;
				GCC_WARN_UNDECLARED_SELECTOR = YES;
				GCC_WARN_UNINITIALIZED_AUTOS = YES;
				GCC_WARN_UNUSED_FUNCTION = YES;
				GCC_WARN_UNUSED_VARIABLE = YES;
				IPHONEOS_DEPLOYMENT_TARGET = 7.0;
				SDKROOT = iphoneos;
				TARGETED_DEVICE_FAMILY = "1,2";
				VALIDATE_PRODUCT = YES;
			};
			name = Release;
		};
		5DC2BD0318A4A42C00AE8C72 /* Debug */ = {
			isa = XCBuildConfiguration;
			buildSettings = {
				ASSETCATALOG_COMPILER_APPICON_NAME = AppIcon;
				ASSETCATALOG_COMPILER_LAUNCHIMAGE_NAME = LaunchImage;
				FRAMEWORK_SEARCH_PATHS = (
					"$(inherited)",
					/Users/pushparajzala/Desktop/ios/FacebookLibrary,
				);
				GCC_PRECOMPILE_PREFIX_HEADER = YES;
				GCC_PREFIX_HEADER = "FacebookLibrary/FacebookLibrary-Prefix.pch";
				INFOPLIST_FILE = "FacebookLibrary/FacebookLibrary-Info.plist";
				PRODUCT_NAME = "$(TARGET_NAME)";
				WRAPPER_EXTENSION = app;
			};
			name = Debug;
		};
		5DC2BD0418A4A42C00AE8C72 /* Release */ = {
			isa = XCBuildConfiguration;
			buildSettings = {
				ASSETCATALOG_COMPILER_APPICON_NAME = AppIcon;
				ASSETCATALOG_COMPILER_LAUNCHIMAGE_NAME = LaunchImage;
				FRAMEWORK_SEARCH_PATHS = (
					"$(inherited)",
					/Users/pushparajzala/Desktop/ios/FacebookLibrary,
				);
				GCC_PRECOMPILE_PREFIX_HEADER = YES;
				GCC_PREFIX_HEADER = "FacebookLibrary/FacebookLibrary-Prefix.pch";
				INFOPLIST_FILE = "FacebookLibrary/FacebookLibrary-Info.plist";
				PRODUCT_NAME = "$(TARGET_NAME)";
				WRAPPER_EXTENSION = app;
			};
			name = Release;
		};
		5DC2BD0618A4A42C00AE8C72 /* Debug */ = {
			isa = XCBuildConfiguration;
			buildSettings = {
				ARCHS = "$(ARCHS_STANDARD_INCLUDING_64_BIT)";
				BUNDLE_LOADER = "$(BUILT_PRODUCTS_DIR)/FacebookLibrary.app/FacebookLibrary";
				FRAMEWORK_SEARCH_PATHS = (
					"$(SDKROOT)/Developer/Library/Frameworks",
					"$(inherited)",
					"$(DEVELOPER_FRAMEWORKS_DIR)",
				);
				GCC_PRECOMPILE_PREFIX_HEADER = YES;
				GCC_PREFIX_HEADER = "FacebookLibrary/FacebookLibrary-Prefix.pch";
				GCC_PREPROCESSOR_DEFINITIONS = (
					"DEBUG=1",
					"$(inherited)",
				);
				INFOPLIST_FILE = "FacebookLibraryTests/FacebookLibraryTests-Info.plist";
				PRODUCT_NAME = "$(TARGET_NAME)";
				TEST_HOST = "$(BUNDLE_LOADER)";
				WRAPPER_EXTENSION = xctest;
			};
			name = Debug;
		};
		5DC2BD0718A4A42C00AE8C72 /* Release */ = {
			isa = XCBuildConfiguration;
			buildSettings = {
				ARCHS = "$(ARCHS_STANDARD_INCLUDING_64_BIT)";
				BUNDLE_LOADER = "$(BUILT_PRODUCTS_DIR)/FacebookLibrary.app/FacebookLibrary";
				FRAMEWORK_SEARCH_PATHS = (
					"$(SDKROOT)/Developer/Library/Frameworks",
					"$(inherited)",
					"$(DEVELOPER_FRAMEWORKS_DIR)",
				);
				GCC_PRECOMPILE_PREFIX_HEADER = YES;
				GCC_PREFIX_HEADER = "FacebookLibrary/FacebookLibrary-Prefix.pch";
				INFOPLIST_FILE = "FacebookLibraryTests/FacebookLibraryTests-Info.plist";
				PRODUCT_NAME = "$(TARGET_NAME)";
				TEST_HOST = "$(BUNDLE_LOADER)";
				WRAPPER_EXTENSION = xctest;
			};
			name = Release;
		};
/* End XCBuildConfiguration section */

/* Begin XCConfigurationList section */
		5DC2BCD118A4A42C00AE8C72 /* Build configuration list for PBXProject "FacebookLibrary" */ = {
			isa = XCConfigurationList;
			buildConfigurations = (
				5DC2BD0018A4A42C00AE8C72 /* Debug */,
				5DC2BD0118A4A42C00AE8C72 /* Release */,
			);
			defaultConfigurationIsVisible = 0;
			defaultConfigurationName = Release;
		};
		5DC2BD0218A4A42C00AE8C72 /* Build configuration list for PBXNativeTarget "FacebookLibrary" */ = {
			isa = XCConfigurationList;
			buildConfigurations = (
				5DC2BD0318A4A42C00AE8C72 /* Debug */,
				5DC2BD0418A4A42C00AE8C72 /* Release */,
			);
			defaultConfigurationIsVisible = 0;
			defaultConfigurationName = Release;
		};
		5DC2BD0518A4A42C00AE8C72 /* Build configuration list for PBXNativeTarget "FacebookLibraryTests" */ = {
			isa = XCConfigurationList;
			buildConfigurations = (
				5DC2BD0618A4A42C00AE8C72 /* Debug */,
				5DC2BD0718A4A42C00AE8C72 /* Release */,
			);
			defaultConfigurationIsVisible = 0;
			defaultConfigurationName = Release;
		};
/* End XCConfigurationList section */
	};
	rootObject = 5DC2BCCE18A4A42C00AE8C72 /* Project object */;
}
